
Microsoft Visual Studio Solution File, Format Version 12.00
# Visual Studio Version 17
VisualStudioVersion = 17.7.34018.315
MinimumVisualStudioVersion = 10.0.40219.1
Project("{9A19103F-16F7-4668-BE54-9A1E7A4F7556}") = "GaezBakeryHouse.Domain", "GaezBakeryHouse.Domain\GaezBakeryHouse.Domain.csproj", "{BE3DAF4C-2CBB-426B-9AEC-7D7BEF967749}"
EndProject
Project("{9A19103F-16F7-4668-BE54-9A1E7A4F7556}") = "GaezBakeryHouse.Infrastructure", "GaezBakeryHouse.Infrastructure\GaezBakeryHouse.Infrastructure.csproj", "{163AA58C-DF38-470C-9209-1A1369398173}"
EndProject
Project("{9A19103F-16F7-4668-BE54-9A1E7A4F7556}") = "GaezBakeryHouse.Application", "GaezBakeryHouse.Application\GaezBakeryHouse.Application.csproj", "{24F06384-B040-4626-AD4F-932BDB5B4158}"
EndProject
Project("{9A19103F-16F7-4668-BE54-9A1E7A4F7556}") = "GaezBakeryHouse.API", "GaezBakeryHouse.API\GaezBakeryHouse.API.csproj", "{26EC03A9-0656-4E98-9016-B7F77927F439}"
EndProject
Project("{2150E333-8FDC-42A3-9474-1A3956D46DE8}") = "1. Presentation", "1. Presentation", "{5E81B55A-581C-40A1-B60E-C3D02C700317}"
EndProject
Project("{2150E333-8FDC-42A3-9474-1A3956D46DE8}") = "2. Infrastructure", "2. Infrastructure", "{C707C1C2-5561-423B-A8EB-A404239B33F6}"
EndProject
Project("{2150E333-8FDC-42A3-9474-1A3956D46DE8}") = "3. Application", "3. Application", "{675C0E56-6B50-49CE-85F3-8B5FE5854DA7}"
EndProject
Project("{2150E333-8FDC-42A3-9474-1A3956D46DE8}") = "4. Domain", "4. Domain", "{9F1A210C-115F-4F84-82D2-E3BCC87D0B5E}"
EndProject
Project("{2150E333-8FDC-42A3-9474-1A3956D46DE8}") = "src", "src", "{AD900EC7-FA59-4426-8369-150A44CB3613}"
EndProject
Project("{FAE04EC0-301F-11D3-BF4B-00C04F79EFBC}") = "GaezBakeryHouse.Infrastructure.Identity", "GaezBakeryHouse.Infrastructure.Identity\GaezBakeryHouse.Infrastructure.Identity.csproj", "{EF72DD51-0A4E-4E17-8B06-00271D915570}"
EndProject
Global
	GlobalSection(SolutionConfigurationPlatforms) = preSolution
		Debug|Any CPU = Debug|Any CPU
		Release|Any CPU = Release|Any CPU
	EndGlobalSection
	GlobalSection(ProjectConfigurationPlatforms) = postSolution
		{BE3DAF4C-2CBB-426B-9AEC-7D7BEF967749}.Debug|Any CPU.ActiveCfg = Debug|Any CPU
		{BE3DAF4C-2CBB-426B-9AEC-7D7BEF967749}.Debug|Any CPU.Build.0 = Debug|Any CPU
		{BE3DAF4C-2CBB-426B-9AEC-7D7BEF967749}.Release|Any CPU.ActiveCfg = Release|Any CPU
		{BE3DAF4C-2CBB-426B-9AEC-7D7BEF967749}.Release|Any CPU.Build.0 = Release|Any CPU
		{163AA58C-DF38-470C-9209-1A1369398173}.Debug|Any CPU.ActiveCfg = Debug|Any CPU
		{163AA58C-DF38-470C-9209-1A1369398173}.Debug|Any CPU.Build.0 = Debug|Any CPU
		{163AA58C-DF38-470C-9209-1A1369398173}.Release|Any CPU.ActiveCfg = Release|Any CPU
		{163AA58C-DF38-470C-9209-1A1369398173}.Release|Any CPU.Build.0 = Release|Any CPU
		{24F06384-B040-4626-AD4F-932BDB5B4158}.Debug|Any CPU.ActiveCfg = Debug|Any CPU
		{24F06384-B040-4626-AD4F-932BDB5B4158}.Debug|Any CPU.Build.0 = Debug|Any CPU
		{24F06384-B040-4626-AD4F-932BDB5B4158}.Release|Any CPU.ActiveCfg = Release|Any CPU
		{24F06384-B040-4626-AD4F-932BDB5B4158}.Release|Any CPU.Build.0 = Release|Any CPU
		{26EC03A9-0656-4E98-9016-B7F77927F439}.Debug|Any CPU.ActiveCfg = Debug|Any CPU
		{26EC03A9-0656-4E98-9016-B7F77927F439}.Debug|Any CPU.Build.0 = Debug|Any CPU
		{26EC03A9-0656-4E98-9016-B7F77927F439}.Release|Any CPU.ActiveCfg = Release|Any CPU
		{26EC03A9-0656-4E98-9016-B7F77927F439}.Release|Any CPU.Build.0 = Release|Any CPU
		{EF72DD51-0A4E-4E17-8B06-00271D915570}.Debug|Any CPU.ActiveCfg = Debug|Any CPU
		{EF72DD51-0A4E-4E17-8B06-00271D915570}.Debug|Any CPU.Build.0 = Debug|Any CPU
		{EF72DD51-0A4E-4E17-8B06-00271D915570}.Release|Any CPU.ActiveCfg = Release|Any CPU
		{EF72DD51-0A4E-4E17-8B06-00271D915570}.Release|Any CPU.Build.0 = Release|Any CPU
	EndGlobalSection
	GlobalSection(SolutionProperties) = preSolution
		HideSolutionNode = FALSE
	EndGlobalSection
	GlobalSection(NestedProjects) = preSolution
		{BE3DAF4C-2CBB-426B-9AEC-7D7BEF967749} = {9F1A210C-115F-4F84-82D2-E3BCC87D0B5E}
		{163AA58C-DF38-470C-9209-1A1369398173} = {C707C1C2-5561-423B-A8EB-A404239B33F6}
		{24F06384-B040-4626-AD4F-932BDB5B4158} = {675C0E56-6B50-49CE-85F3-8B5FE5854DA7}
		{26EC03A9-0656-4E98-9016-B7F77927F439} = {5E81B55A-581C-40A1-B60E-C3D02C700317}
		{5E81B55A-581C-40A1-B60E-C3D02C700317} = {AD900EC7-FA59-4426-8369-150A44CB3613}
		{C707C1C2-5561-423B-A8EB-A404239B33F6} = {AD900EC7-FA59-4426-8369-150A44CB3613}
		{675C0E56-6B50-49CE-85F3-8B5FE5854DA7} = {AD900EC7-FA59-4426-8369-150A44CB3613}
		{9F1A210C-115F-4F84-82D2-E3BCC87D0B5E} = {AD900EC7-FA59-4426-8369-150A44CB3613}
		{EF72DD51-0A4E-4E17-8B06-00271D915570} = {C707C1C2-5561-423B-A8EB-A404239B33F6}
	EndGlobalSection
	GlobalSection(ExtensibilityGlobals) = postSolution
		SolutionGuid = {F66DFFCD-58AD-4854-B7AC-733311349329}
	EndGlobalSection
EndGlobal
