
Microsoft Visual Studio Solution File, Format Version 12.00
# Visual Studio Version 17
VisualStudioVersion = 17.7.34024.191
MinimumVisualStudioVersion = 10.0.40219.1
Project("{FAE04EC0-301F-11D3-BF4B-00C04F79EFBC}") = "GaezBakeryHouse.App.Android", "GaezBakeryHouse.App\GaezBakeryHouse.App.Android\GaezBakeryHouse.App.Android.csproj", "{4BBDD5CD-F0CC-452C-A08E-A3ADF7768398}"
EndProject
Project("{FAE04EC0-301F-11D3-BF4B-00C04F79EFBC}") = "GaezBakeryHouse.App", "GaezBakeryHouse.App\GaezBakeryHouse.App\GaezBakeryHouse.App.csproj", "{F4F46D14-FFF7-4762-B98B-38A5538AE9B1}"
EndProject
Global
	GlobalSection(SolutionConfigurationPlatforms) = preSolution
		Debug|Any CPU = Debug|Any CPU
		Release|Any CPU = Release|Any CPU
	EndGlobalSection
	GlobalSection(ProjectConfigurationPlatforms) = postSolution
		{4BBDD5CD-F0CC-452C-A08E-A3ADF7768398}.Debug|Any CPU.ActiveCfg = Debug|Any CPU
		{4BBDD5CD-F0CC-452C-A08E-A3ADF7768398}.Debug|Any CPU.Build.0 = Debug|Any CPU
		{4BBDD5CD-F0CC-452C-A08E-A3ADF7768398}.Debug|Any CPU.Deploy.0 = Debug|Any CPU
		{4BBDD5CD-F0CC-452C-A08E-A3ADF7768398}.Release|Any CPU.ActiveCfg = Release|Any CPU
		{4BBDD5CD-F0CC-452C-A08E-A3ADF7768398}.Release|Any CPU.Build.0 = Release|Any CPU
		{4BBDD5CD-F0CC-452C-A08E-A3ADF7768398}.Release|Any CPU.Deploy.0 = Release|Any CPU
		{F4F46D14-FFF7-4762-B98B-38A5538AE9B1}.Debug|Any CPU.ActiveCfg = Debug|Any CPU
		{F4F46D14-FFF7-4762-B98B-38A5538AE9B1}.Debug|Any CPU.Build.0 = Debug|Any CPU
		{F4F46D14-FFF7-4762-B98B-38A5538AE9B1}.Debug|Any CPU.Deploy.0 = Debug|Any CPU
		{F4F46D14-FFF7-4762-B98B-38A5538AE9B1}.Release|Any CPU.ActiveCfg = Release|Any CPU
		{F4F46D14-FFF7-4762-B98B-38A5538AE9B1}.Release|Any CPU.Build.0 = Release|Any CPU
		{F4F46D14-FFF7-4762-B98B-38A5538AE9B1}.Release|Any CPU.Deploy.0 = Release|Any CPU
	EndGlobalSection
	GlobalSection(SolutionProperties) = preSolution
		HideSolutionNode = FALSE
	EndGlobalSection
	GlobalSection(ExtensibilityGlobals) = postSolution
		SolutionGuid = {75A5AF11-FF99-4511-A151-DF4D7EC77BF6}
	EndGlobalSection
EndGlobal
